
Microsoft Visual Studio Solution File, Format Version 12.00
# Visual Studio Version 17
VisualStudioVersion = 17.7.34302.85
MinimumVisualStudioVersion = 10.0.40219.1
Project("{FAE04EC0-301F-11D3-BF4B-00C04F79EFBC}") = "ETbrowser", "ETbrowser\ETbrowser.csproj", "{73312B01-7D22-4667-A16E-F1E3A19C8FFD}"
EndProject
Global
	GlobalSection(SolutionConfigurationPlatforms) = preSolution
		Debug|Any CPU = Debug|Any CPU
		Release|Any CPU = Release|Any CPU
	EndGlobalSection
	GlobalSection(ProjectConfigurationPlatforms) = postSolution
		{73312B01-7D22-4667-A16E-F1E3A19C8FFD}.Debug|Any CPU.ActiveCfg = Debug|Any CPU
		{73312B01-7D22-4667-A16E-F1E3A19C8FFD}.Debug|Any CPU.Build.0 = Debug|Any CPU
		{73312B01-7D22-4667-A16E-F1E3A19C8FFD}.Release|Any CPU.ActiveCfg = Release|Any CPU
		{73312B01-7D22-4667-A16E-F1E3A19C8FFD}.Release|Any CPU.Build.0 = Release|Any CPU
	EndGlobalSection
	GlobalSection(SolutionProperties) = preSolution
		HideSolutionNode = FALSE
	EndGlobalSection
	GlobalSection(ExtensibilityGlobals) = postSolution
		SolutionGuid = {E8237372-200B-47F0-A3E3-7B6CF46E503F}
	EndGlobalSection
EndGlobal
